
Microsoft Visual Studio Solution File, Format Version 12.00
# Visual Studio Version 17
VisualStudioVersion = 17.3.32804.467
MinimumVisualStudioVersion = 10.0.40219.1
Project("{FAE04EC0-301F-11D3-BF4B-00C04F79EFBC}") = "ProjetoPM", "ProjetoPM\ProjetoPM.csproj", "{2D338CEE-6F98-4C8D-8533-17F20B9E01AB}"
EndProject
Project("{FAE04EC0-301F-11D3-BF4B-00C04F79EFBC}") = "Controller", "Controller\Controller.csproj", "{685F929A-7D7E-44A8-94C1-EE2178B23602}"
EndProject
Project("{FAE04EC0-301F-11D3-BF4B-00C04F79EFBC}") = "Modelo", "Modelo\Modelo.csproj", "{989CB53C-4F67-4AE8-AD95-254BDA421869}"
EndProject
Global
	GlobalSection(SolutionConfigurationPlatforms) = preSolution
		Debug|Any CPU = Debug|Any CPU
		Release|Any CPU = Release|Any CPU
	EndGlobalSection
	GlobalSection(ProjectConfigurationPlatforms) = postSolution
		{2D338CEE-6F98-4C8D-8533-17F20B9E01AB}.Debug|Any CPU.ActiveCfg = Debug|Any CPU
		{2D338CEE-6F98-4C8D-8533-17F20B9E01AB}.Debug|Any CPU.Build.0 = Debug|Any CPU
		{2D338CEE-6F98-4C8D-8533-17F20B9E01AB}.Release|Any CPU.ActiveCfg = Release|Any CPU
		{2D338CEE-6F98-4C8D-8533-17F20B9E01AB}.Release|Any CPU.Build.0 = Release|Any CPU
		{685F929A-7D7E-44A8-94C1-EE2178B23602}.Debug|Any CPU.ActiveCfg = Debug|Any CPU
		{685F929A-7D7E-44A8-94C1-EE2178B23602}.Debug|Any CPU.Build.0 = Debug|Any CPU
		{685F929A-7D7E-44A8-94C1-EE2178B23602}.Release|Any CPU.ActiveCfg = Release|Any CPU
		{685F929A-7D7E-44A8-94C1-EE2178B23602}.Release|Any CPU.Build.0 = Release|Any CPU
		{989CB53C-4F67-4AE8-AD95-254BDA421869}.Debug|Any CPU.ActiveCfg = Debug|Any CPU
		{989CB53C-4F67-4AE8-AD95-254BDA421869}.Debug|Any CPU.Build.0 = Debug|Any CPU
		{989CB53C-4F67-4AE8-AD95-254BDA421869}.Release|Any CPU.ActiveCfg = Release|Any CPU
		{989CB53C-4F67-4AE8-AD95-254BDA421869}.Release|Any CPU.Build.0 = Release|Any CPU
	EndGlobalSection
	GlobalSection(SolutionProperties) = preSolution
		HideSolutionNode = FALSE
	EndGlobalSection
	GlobalSection(ExtensibilityGlobals) = postSolution
		SolutionGuid = {05AE6973-FD30-469A-96D6-05ABA580E3C1}
	EndGlobalSection
EndGlobal
